
Microsoft Visual Studio Solution File, Format Version 12.00
# Visual Studio Version 17
VisualStudioVersion = 17.6.33829.357
MinimumVisualStudioVersion = 10.0.40219.1
Project("{9A19103F-16F7-4668-BE54-9A1E7A4F7556}") = "C# 10 Foundamentals Practice", "C# 10 Foundamentals Practice\C# 10 Foundamentals Practice.csproj", "{3728266F-426C-4846-B9EE-FEE862BA9F51}"
EndProject
Project("{2150E333-8FDC-42A3-9474-1A3956D46DE8}") = "Solution Items", "Solution Items", "{A9E99A47-0A56-4482-A47A-3DB253132D17}"
EndProject
Global
	GlobalSection(SolutionConfigurationPlatforms) = preSolution
		Debug|Any CPU = Debug|Any CPU
		Release|Any CPU = Release|Any CPU
	EndGlobalSection
	GlobalSection(ProjectConfigurationPlatforms) = postSolution
		{3728266F-426C-4846-B9EE-FEE862BA9F51}.Debug|Any CPU.ActiveCfg = Debug|Any CPU
		{3728266F-426C-4846-B9EE-FEE862BA9F51}.Debug|Any CPU.Build.0 = Debug|Any CPU
		{3728266F-426C-4846-B9EE-FEE862BA9F51}.Release|Any CPU.ActiveCfg = Release|Any CPU
		{3728266F-426C-4846-B9EE-FEE862BA9F51}.Release|Any CPU.Build.0 = Release|Any CPU
	EndGlobalSection
	GlobalSection(SolutionProperties) = preSolution
		HideSolutionNode = FALSE
	EndGlobalSection
	GlobalSection(ExtensibilityGlobals) = postSolution
		SolutionGuid = {BF15A5CB-FA73-4C06-B4E4-2D1E994A3AEB}
	EndGlobalSection
EndGlobal
